// !$*UTF8*$!
{
	archiveVersion = 1;
	classes = {
	};
	objectVersion = 50;
	objects = {

/* Begin PBXBuildFile section */
		78CACC5F247C4452001D5883 /* AppDelegate.swift in Sources */ = {isa = PBXBuildFile; fileRef = 78CACC5E247C4452001D5883 /* AppDelegate.swift */; };
		78CACC61247C4452001D5883 /* SceneDelegate.swift in Sources */ = {isa = PBXBuildFile; fileRef = 78CACC60247C4452001D5883 /* SceneDelegate.swift */; };
		78CACC63247C4452001D5883 /* ViewController.swift in Sources */ = {isa = PBXBuildFile; fileRef = 78CACC62247C4452001D5883 /* ViewController.swift */; };
		78CACC68247C4454001D5883 /* Assets.xcassets in Resources */ = {isa = PBXBuildFile; fileRef = 78CACC67247C4454001D5883 /* Assets.xcassets */; };
		78CACC6B247C4454001D5883 /* LaunchScreen.storyboard in Resources */ = {isa = PBXBuildFile; fileRef = 78CACC69247C4454001D5883 /* LaunchScreen.storyboard */; };
		78CACC76247C4454001D5883 /* TetrisTests.swift in Sources */ = {isa = PBXBuildFile; fileRef = 78CACC75247C4454001D5883 /* TetrisTests.swift */; };
		78CACC81247C4454001D5883 /* TetrisUITests.swift in Sources */ = {isa = PBXBuildFile; fileRef = 78CACC80247C4454001D5883 /* TetrisUITests.swift */; };
		78CACC92247C5224001D5883 /* Tetromino.swift in Sources */ = {isa = PBXBuildFile; fileRef = 78CACC91247C5224001D5883 /* Tetromino.swift */; };
/* End PBXBuildFile section */

/* Begin PBXContainerItemProxy section */
		78CACC72247C4454001D5883 /* PBXContainerItemProxy */ = {
			isa = PBXContainerItemProxy;
			containerPortal = 78CACC53247C4452001D5883 /* Project object */;
			proxyType = 1;
			remoteGlobalIDString = 78CACC5A247C4452001D5883;
			remoteInfo = Tetris;
		};
		78CACC7D247C4454001D5883 /* PBXContainerItemProxy */ = {
			isa = PBXContainerItemProxy;
			containerPortal = 78CACC53247C4452001D5883 /* Project object */;
			proxyType = 1;
			remoteGlobalIDString = 78CACC5A247C4452001D5883;
			remoteInfo = Tetris;
		};
/* End PBXContainerItemProxy section */

/* Begin PBXFileReference section */
		78CACC5B247C4452001D5883 /* Tetris.app */ = {isa = PBXFileReference; explicitFileType = wrapper.application; includeInIndex = 0; path = Tetris.app; sourceTree = BUILT_PRODUCTS_DIR; };
		78CACC5E247C4452001D5883 /* AppDelegate.swift */ = {isa = PBXFileReference; lastKnownFileType = sourcecode.swift; path = AppDelegate.swift; sourceTree = "<group>"; };
		78CACC60247C4452001D5883 /* SceneDelegate.swift */ = {isa = PBXFileReference; lastKnownFileType = sourcecode.swift; path = SceneDelegate.swift; sourceTree = "<group>"; };
		78CACC62247C4452001D5883 /* ViewController.swift */ = {isa = PBXFileReference; lastKnownFileType = sourcecode.swift; path = ViewController.swift; sourceTree = "<group>"; };
		78CACC67247C4454001D5883 /* Assets.xcassets */ = {isa = PBXFileReference; lastKnownFileType = folder.assetcatalog; path = Assets.xcassets; sourceTree = "<group>"; };
		78CACC6A247C4454001D5883 /* Base */ = {isa = PBXFileReference; lastKnownFileType = file.storyboard; name = Base; path = Base.lproj/LaunchScreen.storyboard; sourceTree = "<group>"; };
		78CACC6C247C4454001D5883 /* Info.plist */ = {isa = PBXFileReference; lastKnownFileType = text.plist.xml; path = Info.plist; sourceTree = "<group>"; };
		78CACC71247C4454001D5883 /* TetrisTests.xctest */ = {isa = PBXFileReference; explicitFileType = wrapper.cfbundle; includeInIndex = 0; path = TetrisTests.xctest; sourceTree = BUILT_PRODUCTS_DIR; };
		78CACC75247C4454001D5883 /* TetrisTests.swift */ = {isa = PBXFileReference; lastKnownFileType = sourcecode.swift; path = TetrisTests.swift; sourceTree = "<group>"; };
		78CACC77247C4454001D5883 /* Info.plist */ = {isa = PBXFileReference; lastKnownFileType = text.plist.xml; path = Info.plist; sourceTree = "<group>"; };
		78CACC7C247C4454001D5883 /* TetrisUITests.xctest */ = {isa = PBXFileReference; explicitFileType = wrapper.cfbundle; includeInIndex = 0; path = TetrisUITests.xctest; sourceTree = BUILT_PRODUCTS_DIR; };
		78CACC80247C4454001D5883 /* TetrisUITests.swift */ = {isa = PBXFileReference; lastKnownFileType = sourcecode.swift; path = TetrisUITests.swift; sourceTree = "<group>"; };
		78CACC82247C4454001D5883 /* Info.plist */ = {isa = PBXFileReference; lastKnownFileType = text.plist.xml; path = Info.plist; sourceTree = "<group>"; };
		78CACC91247C5224001D5883 /* Tetromino.swift */ = {isa = PBXFileReference; lastKnownFileType = sourcecode.swift; path = Tetromino.swift; sourceTree = "<group>"; };
/* End PBXFileReference section */

/* Begin PBXFrameworksBuildPhase section */
		78CACC58247C4452001D5883 /* Frameworks */ = {
			isa = PBXFrameworksBuildPhase;
			buildActionMask = 2147483647;
			files = (
			);
			runOnlyForDeploymentPostprocessing = 0;
		};
		78CACC6E247C4454001D5883 /* Frameworks */ = {
			isa = PBXFrameworksBuildPhase;
			buildActionMask = 2147483647;
			files = (
			);
			runOnlyForDeploymentPostprocessing = 0;
		};
		78CACC79247C4454001D5883 /* Frameworks */ = {
			isa = PBXFrameworksBuildPhase;
			buildActionMask = 2147483647;
			files = (
			);
			runOnlyForDeploymentPostprocessing = 0;
		};
/* End PBXFrameworksBuildPhase section */

/* Begin PBXGroup section */
		78CACC52247C4452001D5883 = {
			isa = PBXGroup;
			children = (
				78CACC5D247C4452001D5883 /* Tetris */,
				78CACC74247C4454001D5883 /* TetrisTests */,
				78CACC7F247C4454001D5883 /* TetrisUITests */,
				78CACC5C247C4452001D5883 /* Products */,
			);
			sourceTree = "<group>";
		};
		78CACC5C247C4452001D5883 /* Products */ = {
			isa = PBXGroup;
			children = (
				78CACC5B247C4452001D5883 /* Tetris.app */,
				78CACC71247C4454001D5883 /* TetrisTests.xctest */,
				78CACC7C247C4454001D5883 /* TetrisUITests.xctest */,
			);
			name = Products;
			sourceTree = "<group>";
		};
		78CACC5D247C4452001D5883 /* Tetris */ = {
			isa = PBXGroup;
			children = (
				78CACC8E247C44F2001D5883 /* Bricks */,
				78CACC5E247C4452001D5883 /* AppDelegate.swift */,
				78CACC60247C4452001D5883 /* SceneDelegate.swift */,
				78CACC62247C4452001D5883 /* ViewController.swift */,
				78CACC67247C4454001D5883 /* Assets.xcassets */,
				78CACC69247C4454001D5883 /* LaunchScreen.storyboard */,
				78CACC6C247C4454001D5883 /* Info.plist */,
			);
			path = Tetris;
			sourceTree = "<group>";
		};
		78CACC74247C4454001D5883 /* TetrisTests */ = {
			isa = PBXGroup;
			children = (
				78CACC75247C4454001D5883 /* TetrisTests.swift */,
				78CACC77247C4454001D5883 /* Info.plist */,
			);
			path = TetrisTests;
			sourceTree = "<group>";
		};
		78CACC7F247C4454001D5883 /* TetrisUITests */ = {
			isa = PBXGroup;
			children = (
				78CACC80247C4454001D5883 /* TetrisUITests.swift */,
				78CACC82247C4454001D5883 /* Info.plist */,
			);
			path = TetrisUITests;
			sourceTree = "<group>";
		};
		78CACC8E247C44F2001D5883 /* Bricks */ = {
			isa = PBXGroup;
			children = (
				78CACC91247C5224001D5883 /* Tetromino.swift */,
			);
			path = Bricks;
			sourceTree = "<group>";
		};
/* End PBXGroup section */

/* Begin PBXNativeTarget section */
		78CACC5A247C4452001D5883 /* Tetris */ = {
			isa = PBXNativeTarget;
			buildConfigurationList = 78CACC85247C4454001D5883 /* Build configuration list for PBXNativeTarget "Tetris" */;
			buildPhases = (
				78CACC57247C4452001D5883 /* Sources */,
				78CACC58247C4452001D5883 /* Frameworks */,
				78CACC59247C4452001D5883 /* Resources */,
			);
			buildRules = (
			);
			dependencies = (
			);
			name = Tetris;
			productName = Tetris;
			productReference = 78CACC5B247C4452001D5883 /* Tetris.app */;
			productType = "com.apple.product-type.application";
		};
		78CACC70247C4454001D5883 /* TetrisTests */ = {
			isa = PBXNativeTarget;
			buildConfigurationList = 78CACC88247C4454001D5883 /* Build configuration list for PBXNativeTarget "TetrisTests" */;
			buildPhases = (
				78CACC6D247C4454001D5883 /* Sources */,
				78CACC6E247C4454001D5883 /* Frameworks */,
				78CACC6F247C4454001D5883 /* Resources */,
			);
			buildRules = (
			);
			dependencies = (
				78CACC73247C4454001D5883 /* PBXTargetDependency */,
			);
			name = TetrisTests;
			productName = TetrisTests;
			productReference = 78CACC71247C4454001D5883 /* TetrisTests.xctest */;
			productType = "com.apple.product-type.bundle.unit-test";
		};
		78CACC7B247C4454001D5883 /* TetrisUITests */ = {
			isa = PBXNativeTarget;
			buildConfigurationList = 78CACC8B247C4454001D5883 /* Build configuration list for PBXNativeTarget "TetrisUITests" */;
			buildPhases = (
				78CACC78247C4454001D5883 /* Sources */,
				78CACC79247C4454001D5883 /* Frameworks */,
				78CACC7A247C4454001D5883 /* Resources */,
			);
			buildRules = (
			);
			dependencies = (
				78CACC7E247C4454001D5883 /* PBXTargetDependency */,
			);
			name = TetrisUITests;
			productName = TetrisUITests;
			productReference = 78CACC7C247C4454001D5883 /* TetrisUITests.xctest */;
			productType = "com.apple.product-type.bundle.ui-testing";
		};
/* End PBXNativeTarget section */

/* Begin PBXProject section */
		78CACC53247C4452001D5883 /* Project object */ = {
			isa = PBXProject;
			attributes = {
				LastSwiftUpdateCheck = 1100;
				LastUpgradeCheck = 1100;
				ORGANIZATIONNAME = "Yassin Mziya";
				TargetAttributes = {
					78CACC5A247C4452001D5883 = {
						CreatedOnToolsVersion = 11.0;
					};
					78CACC70247C4454001D5883 = {
						CreatedOnToolsVersion = 11.0;
						TestTargetID = 78CACC5A247C4452001D5883;
					};
					78CACC7B247C4454001D5883 = {
						CreatedOnToolsVersion = 11.0;
						TestTargetID = 78CACC5A247C4452001D5883;
					};
				};
			};
			buildConfigurationList = 78CACC56247C4452001D5883 /* Build configuration list for PBXProject "Tetris" */;
			compatibilityVersion = "Xcode 9.3";
			developmentRegion = en;
			hasScannedForEncodings = 0;
			knownRegions = (
				en,
				Base,
			);
			mainGroup = 78CACC52247C4452001D5883;
			productRefGroup = 78CACC5C247C4452001D5883 /* Products */;
			projectDirPath = "";
			projectRoot = "";
			targets = (
				78CACC5A247C4452001D5883 /* Tetris */,
				78CACC70247C4454001D5883 /* TetrisTests */,
				78CACC7B247C4454001D5883 /* TetrisUITests */,
			);
		};
/* End PBXProject section */

/* Begin PBXResourcesBuildPhase section */
		78CACC59247C4452001D5883 /* Resources */ = {
			isa = PBXResourcesBuildPhase;
			buildActionMask = 2147483647;
			files = (
				78CACC6B247C4454001D5883 /* LaunchScreen.storyboard in Resources */,
				78CACC68247C4454001D5883 /* Assets.xcassets in Resources */,
			);
			runOnlyForDeploymentPostprocessing = 0;
		};
		78CACC6F247C4454001D5883 /* Resources */ = {
			isa = PBXResourcesBuildPhase;
			buildActionMask = 2147483647;
			files = (
			);
			runOnlyForDeploymentPostprocessing = 0;
		};
		78CACC7A247C4454001D5883 /* Resources */ = {
			isa = PBXResourcesBuildPhase;
			buildActionMask = 2147483647;
			files = (
			);
			runOnlyForDeploymentPostprocessing = 0;
		};
/* End PBXResourcesBuildPhase section */

/* Begin PBXSourcesBuildPhase section */
		78CACC57247C4452001D5883 /* Sources */ = {
			isa = PBXSourcesBuildPhase;
			buildActionMask = 2147483647;
			files = (
				78CACC63247C4452001D5883 /* ViewController.swift in Sources */,
				78CACC92247C5224001D5883 /* Tetromino.swift in Sources */,
				78CACC5F247C4452001D5883 /* AppDelegate.swift in Sources */,
				78CACC61247C4452001D5883 /* SceneDelegate.swift in Sources */,
			);
			runOnlyForDeploymentPostprocessing = 0;
		};
		78CACC6D247C4454001D5883 /* Sources */ = {
			isa = PBXSourcesBuildPhase;
			buildActionMask = 2147483647;
			files = (
				78CACC76247C4454001D5883 /* TetrisTests.swift in Sources */,
			);
			runOnlyForDeploymentPostprocessing = 0;
		};
		78CACC78247C4454001D5883 /* Sources */ = {
			isa = PBXSourcesBuildPhase;
			buildActionMask = 2147483647;
			files = (
				78CACC81247C4454001D5883 /* TetrisUITests.swift in Sources */,
			);
			runOnlyForDeploymentPostprocessing = 0;
		};
/* End PBXSourcesBuildPhase section */

/* Begin PBXTargetDependency section */
		78CACC73247C4454001D5883 /* PBXTargetDependency */ = {
			isa = PBXTargetDependency;
			target = 78CACC5A247C4452001D5883 /* Tetris */;
			targetProxy = 78CACC72247C4454001D5883 /* PBXContainerItemProxy */;
		};
		78CACC7E247C4454001D5883 /* PBXTargetDependency */ = {
			isa = PBXTargetDependency;
			target = 78CACC5A247C4452001D5883 /* Tetris */;
			targetProxy = 78CACC7D247C4454001D5883 /* PBXContainerItemProxy */;
		};
/* End PBXTargetDependency section */

/* Begin PBXVariantGroup section */
		78CACC69247C4454001D5883 /* LaunchScreen.storyboard */ = {
			isa = PBXVariantGroup;
			children = (
				78CACC6A247C4454001D5883 /* Base */,
			);
			name = LaunchScreen.storyboard;
			sourceTree = "<group>";
		};
/* End PBXVariantGroup section */

/* Begin XCBuildConfiguration section */
		78CACC83247C4454001D5883 /* Debug */ = {
			isa = XCBuildConfiguration;
			buildSettings = {
				ALWAYS_SEARCH_USER_PATHS = NO;
				CLANG_ANALYZER_NONNULL = YES;
				CLANG_ANALYZER_NUMBER_OBJECT_CONVERSION = YES_AGGRESSIVE;
				CLANG_CXX_LANGUAGE_STANDARD = "gnu++14";
				CLANG_CXX_LIBRARY = "libc++";
				CLANG_ENABLE_MODULES = YES;
				CLANG_ENABLE_OBJC_ARC = YES;
				CLANG_ENABLE_OBJC_WEAK = YES;
				CLANG_WARN_BLOCK_CAPTURE_AUTORELEASING = YES;
				CLANG_WARN_BOOL_CONVERSION = YES;
				CLANG_WARN_COMMA = YES;
				CLANG_WARN_CONSTANT_CONVERSION = YES;
				CLANG_WARN_DEPRECATED_OBJC_IMPLEMENTATIONS = YES;
				CLANG_WARN_DIRECT_OBJC_ISA_USAGE = YES_ERROR;
				CLANG_WARN_DOCUMENTATION_COMMENTS = YES;
				CLANG_WARN_EMPTY_BODY = YES;
				CLANG_WARN_ENUM_CONVERSION = YES;
				CLANG_WARN_INFINITE_RECURSION = YES;
				CLANG_WARN_INT_CONVERSION = YES;
				CLANG_WARN_NON_LITERAL_NULL_CONVERSION = YES;
				CLANG_WARN_OBJC_IMPLICIT_RETAIN_SELF = YES;
				CLANG_WARN_OBJC_LITERAL_CONVERSION = YES;
				CLANG_WARN_OBJC_ROOT_CLASS = YES_ERROR;
				CLANG_WARN_RANGE_LOOP_ANALYSIS = YES;
				CLANG_WARN_STRICT_PROTOTYPES = YES;
				CLANG_WARN_SUSPICIOUS_MOVE = YES;
				CLANG_WARN_UNGUARDED_AVAILABILITY = YES_AGGRESSIVE;
				CLANG_WARN_UNREACHABLE_CODE = YES;
				CLANG_WARN__DUPLICATE_METHOD_MATCH = YES;
				COPY_PHASE_STRIP = NO;
				DEBUG_INFORMATION_FORMAT = dwarf;
				ENABLE_STRICT_OBJC_MSGSEND = YES;
				ENABLE_TESTABILITY = YES;
				GCC_C_LANGUAGE_STANDARD = gnu11;
				GCC_DYNAMIC_NO_PIC = NO;
				GCC_NO_COMMON_BLOCKS = YES;
				GCC_OPTIMIZATION_LEVEL = 0;
				GCC_PREPROCESSOR_DEFINITIONS = (
					"DEBUG=1",
					"$(inherited)",
				);
				GCC_WARN_64_TO_32_BIT_CONVERSION = YES;
				GCC_WARN_ABOUT_RETURN_TYPE = YES_ERROR;
				GCC_WARN_UNDECLARED_SELECTOR = YES;
				GCC_WARN_UNINITIALIZED_AUTOS = YES_AGGRESSIVE;
				GCC_WARN_UNUSED_FUNCTION = YES;
				GCC_WARN_UNUSED_VARIABLE = YES;
				IPHONEOS_DEPLOYMENT_TARGET = 13.0;
				MTL_ENABLE_DEBUG_INFO = INCLUDE_SOURCE;
				MTL_FAST_MATH = YES;
				ONLY_ACTIVE_ARCH = YES;
				SDKROOT = iphoneos;
				SWIFT_ACTIVE_COMPILATION_CONDITIONS = DEBUG;
				SWIFT_OPTIMIZATION_LEVEL = "-Onone";
			};
			name = Debug;
		};
		78CACC84247C4454001D5883 /* Release */ = {
			isa = XCBuildConfiguration;
			buildSettings = {
				ALWAYS_SEARCH_USER_PATHS = NO;
				CLANG_ANALYZER_NONNULL = YES;
				CLANG_ANALYZER_NUMBER_OBJECT_CONVERSION = YES_AGGRESSIVE;
				CLANG_CXX_LANGUAGE_STANDARD = "gnu++14";
				CLANG_CXX_LIBRARY = "libc++";
				CLANG_ENABLE_MODULES = YES;
				CLANG_ENABLE_OBJC_ARC = YES;
				CLANG_ENABLE_OBJC_WEAK = YES;
				CLANG_WARN_BLOCK_CAPTURE_AUTORELEASING = YES;
				CLANG_WARN_BOOL_CONVERSION = YES;
				CLANG_WARN_COMMA = YES;
				CLANG_WARN_CONSTANT_CONVERSION = YES;
				CLANG_WARN_DEPRECATED_OBJC_IMPLEMENTATIONS = YES;
				CLANG_WARN_DIRECT_OBJC_ISA_USAGE = YES_ERROR;
				CLANG_WARN_DOCUMENTATION_COMMENTS = YES;
				CLANG_WARN_EMPTY_BODY = YES;
				CLANG_WARN_ENUM_CONVERSION = YES;
				CLANG_WARN_INFINITE_RECURSION = YES;
				CLANG_WARN_INT_CONVERSION = YES;
				CLANG_WARN_NON_LITERAL_NULL_CONVERSION = YES;
				CLANG_WARN_OBJC_IMPLICIT_RETAIN_SELF = YES;
				CLANG_WARN_OBJC_LITERAL_CONVERSION = YES;
				CLANG_WARN_OBJC_ROOT_CLASS = YES_ERROR;
				CLANG_WARN_RANGE_LOOP_ANALYSIS = YES;
				CLANG_WARN_STRICT_PROTOTYPES = YES;
				CLANG_WARN_SUSPICIOUS_MOVE = YES;
				CLANG_WARN_UNGUARDED_AVAILABILITY = YES_AGGRESSIVE;
				CLANG_WARN_UNREACHABLE_CODE = YES;
				CLANG_WARN__DUPLICATE_METHOD_MATCH = YES;
				COPY_PHASE_STRIP = NO;
				DEBUG_INFORMATION_FORMAT = "dwarf-with-dsym";
				ENABLE_NS_ASSERTIONS = NO;
				ENABLE_STRICT_OBJC_MSGSEND = YES;
				GCC_C_LANGUAGE_STANDARD = gnu11;
				GCC_NO_COMMON_BLOCKS = YES;
				GCC_WARN_64_TO_32_BIT_CONVERSION = YES;
				GCC_WARN_ABOUT_RETURN_TYPE = YES_ERROR;
				GCC_WARN_UNDECLARED_SELECTOR = YES;
				GCC_WARN_UNINITIALIZED_AUTOS = YES_AGGRESSIVE;
				GCC_WARN_UNUSED_FUNCTION = YES;
				GCC_WARN_UNUSED_VARIABLE = YES;
				IPHONEOS_DEPLOYMENT_TARGET = 13.0;
				MTL_ENABLE_DEBUG_INFO = NO;
				MTL_FAST_MATH = YES;
				SDKROOT = iphoneos;
				SWIFT_COMPILATION_MODE = wholemodule;
				SWIFT_OPTIMIZATION_LEVEL = "-O";
				VALIDATE_PRODUCT = YES;
			};
			name = Release;
		};
		78CACC86247C4454001D5883 /* Debug */ = {
			isa = XCBuildConfiguration;
			buildSettings = {
				ASSETCATALOG_COMPILER_APPICON_NAME = AppIcon;
				CODE_SIGN_STYLE = Automatic;
				INFOPLIST_FILE = Tetris/Info.plist;
				LD_RUNPATH_SEARCH_PATHS = (
					"$(inherited)",
					"@executable_path/Frameworks",
				);
				PRODUCT_BUNDLE_IDENTIFIER = com.yassinmziya.Tetris;
				PRODUCT_NAME = "$(TARGET_NAME)";
				SWIFT_VERSION = 5.0;
				TARGETED_DEVICE_FAMILY = "1,2";
			};
			name = Debug;
		};
		78CACC87247C4454001D5883 /* Release */ = {
			isa = XCBuildConfiguration;
			buildSettings = {
				ASSETCATALOG_COMPILER_APPICON_NAME = AppIcon;
				CODE_SIGN_STYLE = Automatic;
				INFOPLIST_FILE = Tetris/Info.plist;
				LD_RUNPATH_SEARCH_PATHS = (
					"$(inherited)",
					"@executable_path/Frameworks",
				);
				PRODUCT_BUNDLE_IDENTIFIER = com.yassinmziya.Tetris;
				PRODUCT_NAME = "$(TARGET_NAME)";
				SWIFT_VERSION = 5.0;
				TARGETED_DEVICE_FAMILY = "1,2";
			};
			name = Release;
		};
		78CACC89247C4454001D5883 /* Debug */ = {
			isa = XCBuildConfiguration;
			buildSettings = {
				ALWAYS_EMBED_SWIFT_STANDARD_LIBRARIES = YES;
				BUNDLE_LOADER = "$(TEST_HOST)";
				CODE_SIGN_STYLE = Automatic;
				INFOPLIST_FILE = TetrisTests/Info.plist;
				IPHONEOS_DEPLOYMENT_TARGET = 13.0;
				LD_RUNPATH_SEARCH_PATHS = (
					"$(inherited)",
					"@executable_path/Frameworks",
					"@loader_path/Frameworks",
				);
				PRODUCT_BUNDLE_IDENTIFIER = com.yassinmziya.TetrisTests;
				PRODUCT_NAME = "$(TARGET_NAME)";
				SWIFT_VERSION = 5.0;
				TARGETED_DEVICE_FAMILY = "1,2";
				TEST_HOST = "$(BUILT_PRODUCTS_DIR)/Tetris.app/Tetris";
			};
			name = Debug;
		};
		78CACC8A247C4454001D5883 /* Release */ = {
			isa = XCBuildConfiguration;
			buildSettings = {
				ALWAYS_EMBED_SWIFT_STANDARD_LIBRARIES = YES;
				BUNDLE_LOADER = "$(TEST_HOST)";
				CODE_SIGN_STYLE = Automatic;
				INFOPLIST_FILE = TetrisTests/Info.plist;
				IPHONEOS_DEPLOYMENT_TARGET = 13.0;
				LD_RUNPATH_SEARCH_PATHS = (
					"$(inherited)",
					"@executable_path/Frameworks",
					"@loader_path/Frameworks",
				);
				PRODUCT_BUNDLE_IDENTIFIER = com.yassinmziya.TetrisTests;
				PRODUCT_NAME = "$(TARGET_NAME)";
				SWIFT_VERSION = 5.0;
				TARGETED_DEVICE_FAMILY = "1,2";
				TEST_HOST = "$(BUILT_PRODUCTS_DIR)/Tetris.app/Tetris";
			};
			name = Release;
		};
		78CACC8C247C4454001D5883 /* Debug */ = {
			isa = XCBuildConfiguration;
			buildSettings = {
				ALWAYS_EMBED_SWIFT_STANDARD_LIBRARIES = YES;
				CODE_SIGN_STYLE = Automatic;
				INFOPLIST_FILE = TetrisUITests/Info.plist;
				LD_RUNPATH_SEARCH_PATHS = (
					"$(inherited)",
					"@executable_path/Frameworks",
					"@loader_path/Frameworks",
				);
				PRODUCT_BUNDLE_IDENTIFIER = com.yassinmziya.TetrisUITests;
				PRODUCT_NAME = "$(TARGET_NAME)";
				SWIFT_VERSION = 5.0;
				TARGETED_DEVICE_FAMILY = "1,2";
				TEST_TARGET_NAME = Tetris;
			};
			name = Debug;
		};
		78CACC8D247C4454001D5883 /* Release */ = {
			isa = XCBuildConfiguration;
			buildSettings = {
				ALWAYS_EMBED_SWIFT_STANDARD_LIBRARIES = YES;
				CODE_SIGN_STYLE = Automatic;
				INFOPLIST_FILE = TetrisUITests/Info.plist;
				LD_RUNPATH_SEARCH_PATHS = (
					"$(inherited)",
					"@executable_path/Frameworks",
					"@loader_path/Frameworks",
				);
				PRODUCT_BUNDLE_IDENTIFIER = com.yassinmziya.TetrisUITests;
				PRODUCT_NAME = "$(TARGET_NAME)";
				SWIFT_VERSION = 5.0;
				TARGETED_DEVICE_FAMILY = "1,2";
				TEST_TARGET_NAME = Tetris;
			};
			name = Release;
		};
/* End XCBuildConfiguration section */

/* Begin XCConfigurationList section */
		78CACC56247C4452001D5883 /* Build configuration list for PBXProject "Tetris" */ = {
			isa = XCConfigurationList;
			buildConfigurations = (
				78CACC83247C4454001D5883 /* Debug */,
				78CACC84247C4454001D5883 /* Release */,
			);
			defaultConfigurationIsVisible = 0;
			defaultConfigurationName = Release;
		};
		78CACC85247C4454001D5883 /* Build configuration list for PBXNativeTarget "Tetris" */ = {
			isa = XCConfigurationList;
			buildConfigurations = (
				78CACC86247C4454001D5883 /* Debug */,
				78CACC87247C4454001D5883 /* Release */,
			);
			defaultConfigurationIsVisible = 0;
			defaultConfigurationName = Release;
		};
		78CACC88247C4454001D5883 /* Build configuration list for PBXNativeTarget "TetrisTests" */ = {
			isa = XCConfigurationList;
			buildConfigurations = (
				78CACC89247C4454001D5883 /* Debug */,
				78CACC8A247C4454001D5883 /* Release */,
			);
			defaultConfigurationIsVisible = 0;
			defaultConfigurationName = Release;
		};
		78CACC8B247C4454001D5883 /* Build configuration list for PBXNativeTarget "TetrisUITests" */ = {
			isa = XCConfigurationList;
			buildConfigurations = (
				78CACC8C247C4454001D5883 /* Debug */,
				78CACC8D247C4454001D5883 /* Release */,
			);
			defaultConfigurationIsVisible = 0;
			defaultConfigurationName = Release;
		};
/* End XCConfigurationList section */
	};
	rootObject = 78CACC53247C4452001D5883 /* Project object */;
}
